
Microsoft Visual Studio Solution File, Format Version 12.00
# Visual Studio Version 17
VisualStudioVersion = 17.2.32519.379
MinimumVisualStudioVersion = 10.0.40219.1
Project("{9A19103F-16F7-4668-BE54-9A1E7A4F7556}") = "API", "API\API.csproj", "{9C985930-00F1-4FB4-B92D-9E8EB4A28266}"
EndProject
Project("{9A19103F-16F7-4668-BE54-9A1E7A4F7556}") = "Core", "Core\Core.csproj", "{621454CC-E70E-4B17-AF57-5849BFA32219}"
EndProject
Project("{9A19103F-16F7-4668-BE54-9A1E7A4F7556}") = "Infrastructure", "Infrastructure\Infrastructure.csproj", "{2338955A-D47E-4054-8097-69A3B4D788B1}"
EndProject
Project("{2150E333-8FDC-42A3-9474-1A3956D46DE8}") = "Solution Items", "Solution Items", "{A49D14CE-5692-489B-9573-5129341132A2}"
	ProjectSection(SolutionItems) = preProject
		.gitignore = .gitignore
	EndProjectSection
EndProject
Project("{54A90642-561A-4BB1-A94E-469ADEE60C69}") = "Client", "Client\Client.esproj", "{3FB93CF5-79BC-429E-8860-80B80ED1488F}"
EndProject
Global
	GlobalSection(SolutionConfigurationPlatforms) = preSolution
		Debug|Any CPU = Debug|Any CPU
		Release|Any CPU = Release|Any CPU
	EndGlobalSection
	GlobalSection(ProjectConfigurationPlatforms) = postSolution
		{9C985930-00F1-4FB4-B92D-9E8EB4A28266}.Debug|Any CPU.ActiveCfg = Debug|Any CPU
		{9C985930-00F1-4FB4-B92D-9E8EB4A28266}.Debug|Any CPU.Build.0 = Debug|Any CPU
		{9C985930-00F1-4FB4-B92D-9E8EB4A28266}.Release|Any CPU.ActiveCfg = Release|Any CPU
		{9C985930-00F1-4FB4-B92D-9E8EB4A28266}.Release|Any CPU.Build.0 = Release|Any CPU
		{621454CC-E70E-4B17-AF57-5849BFA32219}.Debug|Any CPU.ActiveCfg = Debug|Any CPU
		{621454CC-E70E-4B17-AF57-5849BFA32219}.Debug|Any CPU.Build.0 = Debug|Any CPU
		{621454CC-E70E-4B17-AF57-5849BFA32219}.Release|Any CPU.ActiveCfg = Release|Any CPU
		{621454CC-E70E-4B17-AF57-5849BFA32219}.Release|Any CPU.Build.0 = Release|Any CPU
		{2338955A-D47E-4054-8097-69A3B4D788B1}.Debug|Any CPU.ActiveCfg = Debug|Any CPU
		{2338955A-D47E-4054-8097-69A3B4D788B1}.Debug|Any CPU.Build.0 = Debug|Any CPU
		{2338955A-D47E-4054-8097-69A3B4D788B1}.Release|Any CPU.ActiveCfg = Release|Any CPU
		{2338955A-D47E-4054-8097-69A3B4D788B1}.Release|Any CPU.Build.0 = Release|Any CPU
		{3FB93CF5-79BC-429E-8860-80B80ED1488F}.Debug|Any CPU.ActiveCfg = Debug|Any CPU
		{3FB93CF5-79BC-429E-8860-80B80ED1488F}.Debug|Any CPU.Build.0 = Debug|Any CPU
		{3FB93CF5-79BC-429E-8860-80B80ED1488F}.Debug|Any CPU.Deploy.0 = Debug|Any CPU
		{3FB93CF5-79BC-429E-8860-80B80ED1488F}.Release|Any CPU.ActiveCfg = Release|Any CPU
		{3FB93CF5-79BC-429E-8860-80B80ED1488F}.Release|Any CPU.Build.0 = Release|Any CPU
		{3FB93CF5-79BC-429E-8860-80B80ED1488F}.Release|Any CPU.Deploy.0 = Release|Any CPU
	EndGlobalSection
	GlobalSection(SolutionProperties) = preSolution
		HideSolutionNode = FALSE
	EndGlobalSection
	GlobalSection(ExtensibilityGlobals) = postSolution
		SolutionGuid = {B161D057-6E02-4320-980D-143D2D68EB04}
	EndGlobalSection
EndGlobal
